
Microsoft Visual Studio Solution File, Format Version 12.00
# Visual Studio Version 16
VisualStudioVersion = 16.0.29911.84
MinimumVisualStudioVersion = 10.0.40219.1
Project("{FAE04EC0-301F-11D3-BF4B-00C04F79EFBC}") = "CriptoHub", "CriptoHub.csproj", "{4D08E656-4665-466B-96BF-96CEFE49FD5A}"
EndProject
Project("{FAE04EC0-301F-11D3-BF4B-00C04F79EFBC}") = "db", "..\db\db.csproj", "{36C8FC42-E746-4998-997C-36A21A3D94AF}"
EndProject
Project("{FAE04EC0-301F-11D3-BF4B-00C04F79EFBC}") = "DllConfiguracao", "..\DllConfiguracao\DllConfiguracao.csproj", "{474E3EBE-411C-40F6-ABEC-2EB510CDA52F}"
EndProject
Global
	GlobalSection(SolutionConfigurationPlatforms) = preSolution
		Debug|Any CPU = Debug|Any CPU
		Release|Any CPU = Release|Any CPU
	EndGlobalSection
	GlobalSection(ProjectConfigurationPlatforms) = postSolution
		{4D08E656-4665-466B-96BF-96CEFE49FD5A}.Debug|Any CPU.ActiveCfg = Debug|Any CPU
		{4D08E656-4665-466B-96BF-96CEFE49FD5A}.Debug|Any CPU.Build.0 = Debug|Any CPU
		{4D08E656-4665-466B-96BF-96CEFE49FD5A}.Release|Any CPU.ActiveCfg = Release|Any CPU
		{4D08E656-4665-466B-96BF-96CEFE49FD5A}.Release|Any CPU.Build.0 = Release|Any CPU
		{36C8FC42-E746-4998-997C-36A21A3D94AF}.Debug|Any CPU.ActiveCfg = Debug|Any CPU
		{36C8FC42-E746-4998-997C-36A21A3D94AF}.Debug|Any CPU.Build.0 = Debug|Any CPU
		{36C8FC42-E746-4998-997C-36A21A3D94AF}.Release|Any CPU.ActiveCfg = Release|Any CPU
		{36C8FC42-E746-4998-997C-36A21A3D94AF}.Release|Any CPU.Build.0 = Release|Any CPU
		{474E3EBE-411C-40F6-ABEC-2EB510CDA52F}.Debug|Any CPU.ActiveCfg = Debug|Any CPU
		{474E3EBE-411C-40F6-ABEC-2EB510CDA52F}.Debug|Any CPU.Build.0 = Debug|Any CPU
		{474E3EBE-411C-40F6-ABEC-2EB510CDA52F}.Release|Any CPU.ActiveCfg = Release|Any CPU
		{474E3EBE-411C-40F6-ABEC-2EB510CDA52F}.Release|Any CPU.Build.0 = Release|Any CPU
	EndGlobalSection
	GlobalSection(SolutionProperties) = preSolution
		HideSolutionNode = FALSE
	EndGlobalSection
	GlobalSection(ExtensibilityGlobals) = postSolution
		SolutionGuid = {ECE44264-05F4-4B12-8BE9-C80EAF44CD5B}
	EndGlobalSection
EndGlobal
